// !$*UTF8*$!
{
	archiveVersion = 1;
	classes = {
	};
	objectVersion = 46;
	objects = {

/* Begin PBXBuildFile section */
		2017AD9A1704464400D8F168 /* DMUIActionSheet.m in Sources */ = {isa = PBXBuildFile; fileRef = 2017AD961704464400D8F168 /* DMUIActionSheet.m */; };
		2017AD9B1704464400D8F168 /* DMUIActionSheet.m in Sources */ = {isa = PBXBuildFile; fileRef = 2017AD961704464400D8F168 /* DMUIActionSheet.m */; };
		2017AD9C1704464400D8F168 /* DMUIAlertView.m in Sources */ = {isa = PBXBuildFile; fileRef = 2017AD981704464400D8F168 /* DMUIAlertView.m */; };
		2017AD9D1704464400D8F168 /* DMUIAlertView.m in Sources */ = {isa = PBXBuildFile; fileRef = 2017AD981704464400D8F168 /* DMUIAlertView.m */; };
		BCDDF68C16E7295F007C3AE9 /* UIKit.framework in Frameworks */ = {isa = PBXBuildFile; fileRef = BCDDF68B16E7295F007C3AE9 /* UIKit.framework */; };
		BCDDF68E16E7295F007C3AE9 /* Foundation.framework in Frameworks */ = {isa = PBXBuildFile; fileRef = BCDDF68D16E7295F007C3AE9 /* Foundation.framework */; };
		BCDDF69016E7295F007C3AE9 /* CoreGraphics.framework in Frameworks */ = {isa = PBXBuildFile; fileRef = BCDDF68F16E7295F007C3AE9 /* CoreGraphics.framework */; };
		BCDDF69616E7295F007C3AE9 /* InfoPlist.strings in Resources */ = {isa = PBXBuildFile; fileRef = BCDDF69416E7295F007C3AE9 /* InfoPlist.strings */; };
		BCDDF69816E7295F007C3AE9 /* main.m in Sources */ = {isa = PBXBuildFile; fileRef = BCDDF69716E7295F007C3AE9 /* main.m */; };
		BCDDF69C16E7295F007C3AE9 /* DMAppDelegate.m in Sources */ = {isa = PBXBuildFile; fileRef = BCDDF69B16E7295F007C3AE9 /* DMAppDelegate.m */; };
		BCDDF69E16E7295F007C3AE9 /* Default.png in Resources */ = {isa = PBXBuildFile; fileRef = BCDDF69D16E7295F007C3AE9 /* Default.png */; };
		BCDDF6A016E7295F007C3AE9 /* Default@2x.png in Resources */ = {isa = PBXBuildFile; fileRef = BCDDF69F16E7295F007C3AE9 /* Default@2x.png */; };
		BCDDF6A216E7295F007C3AE9 /* Default-568h@2x.png in Resources */ = {isa = PBXBuildFile; fileRef = BCDDF6A116E7295F007C3AE9 /* Default-568h@2x.png */; };
		BCDDF6A516E7295F007C3AE9 /* DMViewController.m in Sources */ = {isa = PBXBuildFile; fileRef = BCDDF6A416E7295F007C3AE9 /* DMViewController.m */; };
		BCDDF6A816E7295F007C3AE9 /* DMViewController_iPhone.xib in Resources */ = {isa = PBXBuildFile; fileRef = BCDDF6A616E7295F007C3AE9 /* DMViewController_iPhone.xib */; };
		BCDDF6AB16E7295F007C3AE9 /* DMViewController_iPad.xib in Resources */ = {isa = PBXBuildFile; fileRef = BCDDF6A916E7295F007C3AE9 /* DMViewController_iPad.xib */; };
		BCDDF6B316E7295F007C3AE9 /* SenTestingKit.framework in Frameworks */ = {isa = PBXBuildFile; fileRef = BCDDF6B216E7295F007C3AE9 /* SenTestingKit.framework */; };
		BCDDF6B416E7295F007C3AE9 /* UIKit.framework in Frameworks */ = {isa = PBXBuildFile; fileRef = BCDDF68B16E7295F007C3AE9 /* UIKit.framework */; };
		BCDDF6B516E7295F007C3AE9 /* Foundation.framework in Frameworks */ = {isa = PBXBuildFile; fileRef = BCDDF68D16E7295F007C3AE9 /* Foundation.framework */; };
		BCDDF6BD16E7295F007C3AE9 /* InfoPlist.strings in Resources */ = {isa = PBXBuildFile; fileRef = BCDDF6BB16E7295F007C3AE9 /* InfoPlist.strings */; };
		BCDDF6C016E7295F007C3AE9 /* DMBlockUIKitTests.m in Sources */ = {isa = PBXBuildFile; fileRef = BCDDF6BF16E7295F007C3AE9 /* DMBlockUIKitTests.m */; };
/* End PBXBuildFile section */

/* Begin PBXContainerItemProxy section */
		BCDDF6B616E7295F007C3AE9 /* PBXContainerItemProxy */ = {
			isa = PBXContainerItemProxy;
			containerPortal = BCDDF68016E7295E007C3AE9 /* Project object */;
			proxyType = 1;
			remoteGlobalIDString = BCDDF68716E7295F007C3AE9;
			remoteInfo = DMBlockUIKit;
		};
/* End PBXContainerItemProxy section */

/* Begin PBXFileReference section */
		2017AD951704464400D8F168 /* DMUIActionSheet.h */ = {isa = PBXFileReference; fileEncoding = 4; lastKnownFileType = sourcecode.c.h; path = DMUIActionSheet.h; sourceTree = "<group>"; };
		2017AD961704464400D8F168 /* DMUIActionSheet.m */ = {isa = PBXFileReference; fileEncoding = 4; lastKnownFileType = sourcecode.c.objc; path = DMUIActionSheet.m; sourceTree = "<group>"; };
		2017AD971704464400D8F168 /* DMUIAlertView.h */ = {isa = PBXFileReference; fileEncoding = 4; lastKnownFileType = sourcecode.c.h; path = DMUIAlertView.h; sourceTree = "<group>"; };
		2017AD981704464400D8F168 /* DMUIAlertView.m */ = {isa = PBXFileReference; fileEncoding = 4; lastKnownFileType = sourcecode.c.objc; path = DMUIAlertView.m; sourceTree = "<group>"; };
		2017AD991704464400D8F168 /* DMUIBlockType.h */ = {isa = PBXFileReference; fileEncoding = 4; lastKnownFileType = sourcecode.c.h; path = DMUIBlockType.h; sourceTree = "<group>"; };
		BCDDF68816E7295F007C3AE9 /* DMBlockUIKit.app */ = {isa = PBXFileReference; explicitFileType = wrapper.application; includeInIndex = 0; path = DMBlockUIKit.app; sourceTree = BUILT_PRODUCTS_DIR; };
		BCDDF68B16E7295F007C3AE9 /* UIKit.framework */ = {isa = PBXFileReference; lastKnownFileType = wrapper.framework; name = UIKit.framework; path = System/Library/Frameworks/UIKit.framework; sourceTree = SDKROOT; };
		BCDDF68D16E7295F007C3AE9 /* Foundation.framework */ = {isa = PBXFileReference; lastKnownFileType = wrapper.framework; name = Foundation.framework; path = System/Library/Frameworks/Foundation.framework; sourceTree = SDKROOT; };
		BCDDF68F16E7295F007C3AE9 /* CoreGraphics.framework */ = {isa = PBXFileReference; lastKnownFileType = wrapper.framework; name = CoreGraphics.framework; path = System/Library/Frameworks/CoreGraphics.framework; sourceTree = SDKROOT; };
		BCDDF69316E7295F007C3AE9 /* DMBlockUIKit-Info.plist */ = {isa = PBXFileReference; lastKnownFileType = text.plist.xml; path = "DMBlockUIKit-Info.plist"; sourceTree = "<group>"; };
		BCDDF69516E7295F007C3AE9 /* en */ = {isa = PBXFileReference; lastKnownFileType = text.plist.strings; name = en; path = en.lproj/InfoPlist.strings; sourceTree = "<group>"; };
		BCDDF69716E7295F007C3AE9 /* main.m */ = {isa = PBXFileReference; lastKnownFileType = sourcecode.c.objc; path = main.m; sourceTree = "<group>"; };
		BCDDF69916E7295F007C3AE9 /* DMBlockUIKit-Prefix.pch */ = {isa = PBXFileReference; lastKnownFileType = sourcecode.c.h; path = "DMBlockUIKit-Prefix.pch"; sourceTree = "<group>"; };
		BCDDF69A16E7295F007C3AE9 /* DMAppDelegate.h */ = {isa = PBXFileReference; lastKnownFileType = sourcecode.c.h; path = DMAppDelegate.h; sourceTree = "<group>"; };
		BCDDF69B16E7295F007C3AE9 /* DMAppDelegate.m */ = {isa = PBXFileReference; lastKnownFileType = sourcecode.c.objc; path = DMAppDelegate.m; sourceTree = "<group>"; };
		BCDDF69D16E7295F007C3AE9 /* Default.png */ = {isa = PBXFileReference; lastKnownFileType = image.png; path = Default.png; sourceTree = "<group>"; };
		BCDDF69F16E7295F007C3AE9 /* Default@2x.png */ = {isa = PBXFileReference; lastKnownFileType = image.png; path = "Default@2x.png"; sourceTree = "<group>"; };
		BCDDF6A116E7295F007C3AE9 /* Default-568h@2x.png */ = {isa = PBXFileReference; lastKnownFileType = image.png; path = "Default-568h@2x.png"; sourceTree = "<group>"; };
		BCDDF6A316E7295F007C3AE9 /* DMViewController.h */ = {isa = PBXFileReference; lastKnownFileType = sourcecode.c.h; path = DMViewController.h; sourceTree = "<group>"; };
		BCDDF6A416E7295F007C3AE9 /* DMViewController.m */ = {isa = PBXFileReference; lastKnownFileType = sourcecode.c.objc; path = DMViewController.m; sourceTree = "<group>"; };
		BCDDF6A716E7295F007C3AE9 /* en */ = {isa = PBXFileReference; lastKnownFileType = file.xib; name = en; path = en.lproj/DMViewController_iPhone.xib; sourceTree = "<group>"; };
		BCDDF6AA16E7295F007C3AE9 /* en */ = {isa = PBXFileReference; lastKnownFileType = file.xib; name = en; path = en.lproj/DMViewController_iPad.xib; sourceTree = "<group>"; };
		BCDDF6B116E7295F007C3AE9 /* DMBlockUIKitTests.octest */ = {isa = PBXFileReference; explicitFileType = wrapper.cfbundle; includeInIndex = 0; path = DMBlockUIKitTests.octest; sourceTree = BUILT_PRODUCTS_DIR; };
		BCDDF6B216E7295F007C3AE9 /* SenTestingKit.framework */ = {isa = PBXFileReference; lastKnownFileType = wrapper.framework; name = SenTestingKit.framework; path = Library/Frameworks/SenTestingKit.framework; sourceTree = DEVELOPER_DIR; };
		BCDDF6BA16E7295F007C3AE9 /* DMBlockUIKitTests-Info.plist */ = {isa = PBXFileReference; lastKnownFileType = text.plist.xml; path = "DMBlockUIKitTests-Info.plist"; sourceTree = "<group>"; };
		BCDDF6BC16E7295F007C3AE9 /* en */ = {isa = PBXFileReference; lastKnownFileType = text.plist.strings; name = en; path = en.lproj/InfoPlist.strings; sourceTree = "<group>"; };
		BCDDF6BE16E7295F007C3AE9 /* DMBlockUIKitTests.h */ = {isa = PBXFileReference; lastKnownFileType = sourcecode.c.h; path = DMBlockUIKitTests.h; sourceTree = "<group>"; };
		BCDDF6BF16E7295F007C3AE9 /* DMBlockUIKitTests.m */ = {isa = PBXFileReference; lastKnownFileType = sourcecode.c.objc; path = DMBlockUIKitTests.m; sourceTree = "<group>"; };
/* End PBXFileReference section */

/* Begin PBXFrameworksBuildPhase section */
		BCDDF68516E7295F007C3AE9 /* Frameworks */ = {
			isa = PBXFrameworksBuildPhase;
			buildActionMask = 2147483647;
			files = (
				BCDDF68C16E7295F007C3AE9 /* UIKit.framework in Frameworks */,
				BCDDF68E16E7295F007C3AE9 /* Foundation.framework in Frameworks */,
				BCDDF69016E7295F007C3AE9 /* CoreGraphics.framework in Frameworks */,
			);
			runOnlyForDeploymentPostprocessing = 0;
		};
		BCDDF6AD16E7295F007C3AE9 /* Frameworks */ = {
			isa = PBXFrameworksBuildPhase;
			buildActionMask = 2147483647;
			files = (
				BCDDF6B316E7295F007C3AE9 /* SenTestingKit.framework in Frameworks */,
				BCDDF6B416E7295F007C3AE9 /* UIKit.framework in Frameworks */,
				BCDDF6B516E7295F007C3AE9 /* Foundation.framework in Frameworks */,
			);
			runOnlyForDeploymentPostprocessing = 0;
		};
/* End PBXFrameworksBuildPhase section */

/* Begin PBXGroup section */
		2017AD941704464400D8F168 /* BlockUIKit */ = {
			isa = PBXGroup;
			children = (
				2017AD951704464400D8F168 /* DMUIActionSheet.h */,
				2017AD961704464400D8F168 /* DMUIActionSheet.m */,
				2017AD971704464400D8F168 /* DMUIAlertView.h */,
				2017AD981704464400D8F168 /* DMUIAlertView.m */,
				2017AD991704464400D8F168 /* DMUIBlockType.h */,
			);
			name = BlockUIKit;
			path = Classes/BlockUIKit;
			sourceTree = SOURCE_ROOT;
		};
		BCDDF67F16E7295E007C3AE9 = {
			isa = PBXGroup;
			children = (
				BCDDF6C916E7297A007C3AE9 /* Demo */,
				BCDDF6B816E7295F007C3AE9 /* DMBlockUIKitTests */,
				BCDDF68A16E7295F007C3AE9 /* Frameworks */,
				BCDDF68916E7295F007C3AE9 /* Products */,
			);
			sourceTree = "<group>";
		};
		BCDDF68916E7295F007C3AE9 /* Products */ = {
			isa = PBXGroup;
			children = (
				BCDDF68816E7295F007C3AE9 /* DMBlockUIKit.app */,
				BCDDF6B116E7295F007C3AE9 /* DMBlockUIKitTests.octest */,
			);
			name = Products;
			sourceTree = "<group>";
		};
		BCDDF68A16E7295F007C3AE9 /* Frameworks */ = {
			isa = PBXGroup;
			children = (
				BCDDF68B16E7295F007C3AE9 /* UIKit.framework */,
				BCDDF68D16E7295F007C3AE9 /* Foundation.framework */,
				BCDDF68F16E7295F007C3AE9 /* CoreGraphics.framework */,
				BCDDF6B216E7295F007C3AE9 /* SenTestingKit.framework */,
			);
			name = Frameworks;
			sourceTree = "<group>";
		};
		BCDDF69216E7295F007C3AE9 /* Supporting Files */ = {
			isa = PBXGroup;
			children = (
				BCDDF69316E7295F007C3AE9 /* DMBlockUIKit-Info.plist */,
				BCDDF69416E7295F007C3AE9 /* InfoPlist.strings */,
				BCDDF69716E7295F007C3AE9 /* main.m */,
				BCDDF69916E7295F007C3AE9 /* DMBlockUIKit-Prefix.pch */,
				BCDDF69D16E7295F007C3AE9 /* Default.png */,
				BCDDF69F16E7295F007C3AE9 /* Default@2x.png */,
				BCDDF6A116E7295F007C3AE9 /* Default-568h@2x.png */,
			);
			name = "Supporting Files";
			sourceTree = "<group>";
		};
		BCDDF6B816E7295F007C3AE9 /* DMBlockUIKitTests */ = {
			isa = PBXGroup;
			children = (
				BCDDF6BE16E7295F007C3AE9 /* DMBlockUIKitTests.h */,
				BCDDF6BF16E7295F007C3AE9 /* DMBlockUIKitTests.m */,
				BCDDF6B916E7295F007C3AE9 /* Supporting Files */,
			);
			path = DMBlockUIKitTests;
			sourceTree = "<group>";
		};
		BCDDF6B916E7295F007C3AE9 /* Supporting Files */ = {
			isa = PBXGroup;
			children = (
				BCDDF6BA16E7295F007C3AE9 /* DMBlockUIKitTests-Info.plist */,
				BCDDF6BB16E7295F007C3AE9 /* InfoPlist.strings */,
			);
			name = "Supporting Files";
			sourceTree = "<group>";
		};
		BCDDF6C916E7297A007C3AE9 /* Demo */ = {
			isa = PBXGroup;
			children = (
				BCDDF69216E7295F007C3AE9 /* Supporting Files */,
				BCDDF69A16E7295F007C3AE9 /* DMAppDelegate.h */,
				BCDDF69B16E7295F007C3AE9 /* DMAppDelegate.m */,
				BCDDF6A316E7295F007C3AE9 /* DMViewController.h */,
				BCDDF6A416E7295F007C3AE9 /* DMViewController.m */,
				BCDDF6A616E7295F007C3AE9 /* DMViewController_iPhone.xib */,
				BCDDF6A916E7295F007C3AE9 /* DMViewController_iPad.xib */,
				2017AD941704464400D8F168 /* BlockUIKit */,
			);
			name = Demo;
			path = DMBlockUIKit;
			sourceTree = "<group>";
		};
/* End PBXGroup section */

/* Begin PBXNativeTarget section */
		BCDDF68716E7295F007C3AE9 /* DMBlockUIKit */ = {
			isa = PBXNativeTarget;
			buildConfigurationList = BCDDF6C316E7295F007C3AE9 /* Build configuration list for PBXNativeTarget "DMBlockUIKit" */;
			buildPhases = (
				BCDDF68416E7295F007C3AE9 /* Sources */,
				BCDDF68516E7295F007C3AE9 /* Frameworks */,
				BCDDF68616E7295F007C3AE9 /* Resources */,
			);
			buildRules = (
			);
			dependencies = (
			);
			name = DMBlockUIKit;
			productName = DMBlockUIKit;
			productReference = BCDDF68816E7295F007C3AE9 /* DMBlockUIKit.app */;
			productType = "com.apple.product-type.application";
		};
		BCDDF6B016E7295F007C3AE9 /* DMBlockUIKitTests */ = {
			isa = PBXNativeTarget;
			buildConfigurationList = BCDDF6C616E7295F007C3AE9 /* Build configuration list for PBXNativeTarget "DMBlockUIKitTests" */;
			buildPhases = (
				BCDDF6AC16E7295F007C3AE9 /* Sources */,
				BCDDF6AD16E7295F007C3AE9 /* Frameworks */,
				BCDDF6AE16E7295F007C3AE9 /* Resources */,
				BCDDF6AF16E7295F007C3AE9 /* ShellScript */,
			);
			buildRules = (
			);
			dependencies = (
				BCDDF6B716E7295F007C3AE9 /* PBXTargetDependency */,
			);
			name = DMBlockUIKitTests;
			productName = DMBlockUIKitTests;
			productReference = BCDDF6B116E7295F007C3AE9 /* DMBlockUIKitTests.octest */;
			productType = "com.apple.product-type.bundle";
		};
/* End PBXNativeTarget section */

/* Begin PBXProject section */
		BCDDF68016E7295E007C3AE9 /* Project object */ = {
			isa = PBXProject;
			attributes = {
				CLASSPREFIX = DM;
				LastUpgradeCheck = 0460;
				ORGANIZATIONNAME = "domi network";
			};
			buildConfigurationList = BCDDF68316E7295E007C3AE9 /* Build configuration list for PBXProject "DMBlockUIKit" */;
			compatibilityVersion = "Xcode 3.2";
			developmentRegion = English;
			hasScannedForEncodings = 0;
			knownRegions = (
				en,
			);
			mainGroup = BCDDF67F16E7295E007C3AE9;
			productRefGroup = BCDDF68916E7295F007C3AE9 /* Products */;
			projectDirPath = "";
			projectRoot = "";
			targets = (
				BCDDF68716E7295F007C3AE9 /* DMBlockUIKit */,
				BCDDF6B016E7295F007C3AE9 /* DMBlockUIKitTests */,
			);
		};
/* End PBXProject section */

/* Begin PBXResourcesBuildPhase section */
		BCDDF68616E7295F007C3AE9 /* Resources */ = {
			isa = PBXResourcesBuildPhase;
			buildActionMask = 2147483647;
			files = (
				BCDDF69616E7295F007C3AE9 /* InfoPlist.strings in Resources */,
				BCDDF69E16E7295F007C3AE9 /* Default.png in Resources */,
				BCDDF6A016E7295F007C3AE9 /* Default@2x.png in Resources */,
				BCDDF6A216E7295F007C3AE9 /* Default-568h@2x.png in Resources */,
				BCDDF6A816E7295F007C3AE9 /* DMViewController_iPhone.xib in Resources */,
				BCDDF6AB16E7295F007C3AE9 /* DMViewController_iPad.xib in Resources */,
			);
			runOnlyForDeploymentPostprocessing = 0;
		};
		BCDDF6AE16E7295F007C3AE9 /* Resources */ = {
			isa = PBXResourcesBuildPhase;
			buildActionMask = 2147483647;
			files = (
				BCDDF6BD16E7295F007C3AE9 /* InfoPlist.strings in Resources */,
			);
			runOnlyForDeploymentPostprocessing = 0;
		};
/* End PBXResourcesBuildPhase section */

/* Begin PBXShellScriptBuildPhase section */
		BCDDF6AF16E7295F007C3AE9 /* ShellScript */ = {
			isa = PBXShellScriptBuildPhase;
			buildActionMask = 2147483647;
			files = (
			);
			inputPaths = (
			);
			outputPaths = (
			);
			runOnlyForDeploymentPostprocessing = 0;
			shellPath = /bin/sh;
			shellScript = "# Run the unit tests in this test bundle.\n\"${SYSTEM_DEVELOPER_DIR}/Tools/RunUnitTests\"\n";
		};
/* End PBXShellScriptBuildPhase section */

/* Begin PBXSourcesBuildPhase section */
		BCDDF68416E7295F007C3AE9 /* Sources */ = {
			isa = PBXSourcesBuildPhase;
			buildActionMask = 2147483647;
			files = (
				BCDDF69816E7295F007C3AE9 /* main.m in Sources */,
				BCDDF69C16E7295F007C3AE9 /* DMAppDelegate.m in Sources */,
				BCDDF6A516E7295F007C3AE9 /* DMViewController.m in Sources */,
				2017AD9A1704464400D8F168 /* DMUIActionSheet.m in Sources */,
				2017AD9C1704464400D8F168 /* DMUIAlertView.m in Sources */,
			);
			runOnlyForDeploymentPostprocessing = 0;
		};
		BCDDF6AC16E7295F007C3AE9 /* Sources */ = {
			isa = PBXSourcesBuildPhase;
			buildActionMask = 2147483647;
			files = (
				BCDDF6C016E7295F007C3AE9 /* DMBlockUIKitTests.m in Sources */,
				2017AD9B1704464400D8F168 /* DMUIActionSheet.m in Sources */,
				2017AD9D1704464400D8F168 /* DMUIAlertView.m in Sources */,
			);
			runOnlyForDeploymentPostprocessing = 0;
		};
/* End PBXSourcesBuildPhase section */

/* Begin PBXTargetDependency section */
		BCDDF6B716E7295F007C3AE9 /* PBXTargetDependency */ = {
			isa = PBXTargetDependency;
			target = BCDDF68716E7295F007C3AE9 /* DMBlockUIKit */;
			targetProxy = BCDDF6B616E7295F007C3AE9 /* PBXContainerItemProxy */;
		};
/* End PBXTargetDependency section */

/* Begin PBXVariantGroup section */
		BCDDF69416E7295F007C3AE9 /* InfoPlist.strings */ = {
			isa = PBXVariantGroup;
			children = (
				BCDDF69516E7295F007C3AE9 /* en */,
			);
			name = InfoPlist.strings;
			sourceTree = "<group>";
		};
		BCDDF6A616E7295F007C3AE9 /* DMViewController_iPhone.xib */ = {
			isa = PBXVariantGroup;
			children = (
				BCDDF6A716E7295F007C3AE9 /* en */,
			);
			name = DMViewController_iPhone.xib;
			sourceTree = "<group>";
		};
		BCDDF6A916E7295F007C3AE9 /* DMViewController_iPad.xib */ = {
			isa = PBXVariantGroup;
			children = (
				BCDDF6AA16E7295F007C3AE9 /* en */,
			);
			name = DMViewController_iPad.xib;
			sourceTree = "<group>";
		};
		BCDDF6BB16E7295F007C3AE9 /* InfoPlist.strings */ = {
			isa = PBXVariantGroup;
			children = (
				BCDDF6BC16E7295F007C3AE9 /* en */,
			);
			name = InfoPlist.strings;
			sourceTree = "<group>";
		};
/* End PBXVariantGroup section */

/* Begin XCBuildConfiguration section */
		BCDDF6C116E7295F007C3AE9 /* Debug */ = {
			isa = XCBuildConfiguration;
			buildSettings = {
				ALWAYS_SEARCH_USER_PATHS = NO;
				CLANG_CXX_LANGUAGE_STANDARD = "gnu++0x";
				CLANG_CXX_LIBRARY = "libc++";
				CLANG_ENABLE_OBJC_ARC = YES;
				CLANG_WARN_CONSTANT_CONVERSION = YES;
				CLANG_WARN_EMPTY_BODY = YES;
				CLANG_WARN_ENUM_CONVERSION = YES;
				CLANG_WARN_INT_CONVERSION = YES;
				CLANG_WARN__DUPLICATE_METHOD_MATCH = YES;
				"CODE_SIGN_IDENTITY[sdk=iphoneos*]" = "iPhone Developer";
				COPY_PHASE_STRIP = NO;
				GCC_C_LANGUAGE_STANDARD = gnu99;
				GCC_DYNAMIC_NO_PIC = NO;
				GCC_OPTIMIZATION_LEVEL = 0;
				GCC_PREPROCESSOR_DEFINITIONS = (
					"DEBUG=1",
					"$(inherited)",
				);
				GCC_SYMBOLS_PRIVATE_EXTERN = NO;
				GCC_WARN_ABOUT_RETURN_TYPE = YES;
				GCC_WARN_UNINITIALIZED_AUTOS = YES;
				GCC_WARN_UNUSED_VARIABLE = YES;
				IPHONEOS_DEPLOYMENT_TARGET = 4.3;
				ONLY_ACTIVE_ARCH = YES;
				SDKROOT = iphoneos;
				TARGETED_DEVICE_FAMILY = "1,2";
			};
			name = Debug;
		};
		BCDDF6C216E7295F007C3AE9 /* Release */ = {
			isa = XCBuildConfiguration;
			buildSettings = {
				ALWAYS_SEARCH_USER_PATHS = NO;
				CLANG_CXX_LANGUAGE_STANDARD = "gnu++0x";
				CLANG_CXX_LIBRARY = "libc++";
				CLANG_ENABLE_OBJC_ARC = YES;
				CLANG_WARN_CONSTANT_CONVERSION = YES;
				CLANG_WARN_EMPTY_BODY = YES;
				CLANG_WARN_ENUM_CONVERSION = YES;
				CLANG_WARN_INT_CONVERSION = YES;
				CLANG_WARN__DUPLICATE_METHOD_MATCH = YES;
				"CODE_SIGN_IDENTITY[sdk=iphoneos*]" = "iPhone Developer";
				COPY_PHASE_STRIP = YES;
				GCC_C_LANGUAGE_STANDARD = gnu99;
				GCC_WARN_ABOUT_RETURN_TYPE = YES;
				GCC_WARN_UNINITIALIZED_AUTOS = YES;
				GCC_WARN_UNUSED_VARIABLE = YES;
				IPHONEOS_DEPLOYMENT_TARGET = 4.3;
				OTHER_CFLAGS = "-DNS_BLOCK_ASSERTIONS=1";
				SDKROOT = iphoneos;
				TARGETED_DEVICE_FAMILY = "1,2";
				VALIDATE_PRODUCT = YES;
			};
			name = Release;
		};
		BCDDF6C416E7295F007C3AE9 /* Debug */ = {
			isa = XCBuildConfiguration;
			buildSettings = {
				GCC_PRECOMPILE_PREFIX_HEADER = YES;
				GCC_PREFIX_HEADER = "DMBlockUIKit/DMBlockUIKit-Prefix.pch";
				INFOPLIST_FILE = "DMBlockUIKit/DMBlockUIKit-Info.plist";
				PRODUCT_NAME = "$(TARGET_NAME)";
				WRAPPER_EXTENSION = app;
			};
			name = Debug;
		};
		BCDDF6C516E7295F007C3AE9 /* Release */ = {
			isa = XCBuildConfiguration;
			buildSettings = {
				GCC_PRECOMPILE_PREFIX_HEADER = YES;
				GCC_PREFIX_HEADER = "DMBlockUIKit/DMBlockUIKit-Prefix.pch";
				INFOPLIST_FILE = "DMBlockUIKit/DMBlockUIKit-Info.plist";
				PRODUCT_NAME = "$(TARGET_NAME)";
				WRAPPER_EXTENSION = app;
			};
			name = Release;
		};
		BCDDF6C716E7295F007C3AE9 /* Debug */ = {
			isa = XCBuildConfiguration;
			buildSettings = {
				BUNDLE_LOADER = "$(BUILT_PRODUCTS_DIR)/DMBlockUIKit.app/DMBlockUIKit";
				FRAMEWORK_SEARCH_PATHS = (
					"\"$(SDKROOT)/Developer/Library/Frameworks\"",
					"\"$(DEVELOPER_LIBRARY_DIR)/Frameworks\"",
				);
				GCC_PRECOMPILE_PREFIX_HEADER = YES;
				GCC_PREFIX_HEADER = "DMBlockUIKit/DMBlockUIKit-Prefix.pch";
				INFOPLIST_FILE = "DMBlockUIKitTests/DMBlockUIKitTests-Info.plist";
				PRODUCT_NAME = "$(TARGET_NAME)";
				TEST_HOST = "$(BUNDLE_LOADER)";
				WRAPPER_EXTENSION = octest;
			};
			name = Debug;
		};
		BCDDF6C816E7295F007C3AE9 /* Release */ = {
			isa = XCBuildConfiguration;
			buildSettings = {
				BUNDLE_LOADER = "$(BUILT_PRODUCTS_DIR)/DMBlockUIKit.app/DMBlockUIKit";
				FRAMEWORK_SEARCH_PATHS = (
					"\"$(SDKROOT)/Developer/Library/Frameworks\"",
					"\"$(DEVELOPER_LIBRARY_DIR)/Frameworks\"",
				);
				GCC_PRECOMPILE_PREFIX_HEADER = YES;
				GCC_PREFIX_HEADER = "DMBlockUIKit/DMBlockUIKit-Prefix.pch";
				INFOPLIST_FILE = "DMBlockUIKitTests/DMBlockUIKitTests-Info.plist";
				PRODUCT_NAME = "$(TARGET_NAME)";
				TEST_HOST = "$(BUNDLE_LOADER)";
				WRAPPER_EXTENSION = octest;
			};
			name = Release;
		};
/* End XCBuildConfiguration section */

/* Begin XCConfigurationList section */
		BCDDF68316E7295E007C3AE9 /* Build configuration list for PBXProject "DMBlockUIKit" */ = {
			isa = XCConfigurationList;
			buildConfigurations = (
				BCDDF6C116E7295F007C3AE9 /* Debug */,
				BCDDF6C216E7295F007C3AE9 /* Release */,
			);
			defaultConfigurationIsVisible = 0;
			defaultConfigurationName = Release;
		};
		BCDDF6C316E7295F007C3AE9 /* Build configuration list for PBXNativeTarget "DMBlockUIKit" */ = {
			isa = XCConfigurationList;
			buildConfigurations = (
				BCDDF6C416E7295F007C3AE9 /* Debug */,
				BCDDF6C516E7295F007C3AE9 /* Release */,
			);
			defaultConfigurationIsVisible = 0;
			defaultConfigurationName = Release;
		};
		BCDDF6C616E7295F007C3AE9 /* Build configuration list for PBXNativeTarget "DMBlockUIKitTests" */ = {
			isa = XCConfigurationList;
			buildConfigurations = (
				BCDDF6C716E7295F007C3AE9 /* Debug */,
				BCDDF6C816E7295F007C3AE9 /* Release */,
			);
			defaultConfigurationIsVisible = 0;
			defaultConfigurationName = Release;
		};
/* End XCConfigurationList section */
	};
	rootObject = BCDDF68016E7295E007C3AE9 /* Project object */;
}
